# This file is automatically @generated by Poetry 1.8.2 and should not be changed by hand.

[[package]]
name = "anyio"
version = "4.6.2.post1"
description = "High level compatibility layer for multiple asynchronous event loop implementations"
optional = false
python-versions = ">=3.9"
files = [
    {file = "anyio-4.6.2.post1-py3-none-any.whl", hash = "sha256:6d170c36fba3bdd840c73d3868c1e777e33676a69c3a72cf0a0d5d6d8009b61d"},
    {file = "anyio-4.6.2.post1.tar.gz", hash = "sha256:4c8bc31ccdb51c7f7bd251f51c609e038d63e34219b44aa86e47576389880b4c"},
]

[package.dependencies]
exceptiongroup = {version = ">=1.0.2", markers = "python_version < \"3.11\""}
idna = ">=2.8"
sniffio = ">=1.1"
typing-extensions = {version = ">=4.1", markers = "python_version < \"3.11\""}

[package.extras]
doc = ["Sphinx (>=7.4,<8.0)", "packaging", "sphinx-autodoc-typehints (>=1.2.0)", "sphinx-rtd-theme"]
test = ["anyio[trio]", "coverage[toml] (>=7)", "exceptiongroup (>=1.2.0)", "hypothesis (>=4.0)", "psutil (>=5.9)", "pytest (>=7.0)", "pytest-mock (>=3.6.1)", "trustme", "truststore (>=0.9.1)", "uvloop (>=0.21.0b1)"]
trio = ["trio (>=0.26.1)"]

[[package]]
name = "asyncgnostic"
version = "0.1.2"
description = "Python functions agnostic towards being called with await or otherwise."
optional = false
python-versions = ">=3.9,<4.0"
files = [
    {file = "asyncgnostic-0.1.2-py3-none-any.whl", hash = "sha256:74c603240643e0f1519874b559980a6a53fc4decb8ece2802576761a034954ff"},
    {file = "asyncgnostic-0.1.2.tar.gz", hash = "sha256:bedf500e53e83f078347998fcef811015783e4f18dc1e88284c8d109d13f1949"},
]

[[package]]
name = "certifi"
version = "2024.8.30"
description = "Python package for providing Mozilla's CA Bundle."
optional = false
python-versions = ">=3.6"
files = [
    {file = "certifi-2024.8.30-py3-none-any.whl", hash = "sha256:922820b53db7a7257ffbda3f597266d435245903d80737e34f8a45ff3e3230d8"},
    {file = "certifi-2024.8.30.tar.gz", hash = "sha256:bec941d2aa8195e248a60b31ff9f0558284cf01a52591ceda73ea9afffd69fd9"},
]

[[package]]
name = "exceptiongroup"
version = "1.2.2"
description = "Backport of PEP 654 (exception groups)"
optional = false
python-versions = ">=3.7"
files = [
    {file = "exceptiongroup-1.2.2-py3-none-any.whl", hash = "sha256:3111b9d131c238bec2f8f516e123e14ba243563fb135d3fe885990585aa7795b"},
    {file = "exceptiongroup-1.2.2.tar.gz", hash = "sha256:47c2edf7c6738fafb49fd34290706d1a1a2f4d1c6df275526b62cbb4aa5393cc"},
]

[package.extras]
test = ["pytest (>=6)"]

[[package]]
name = "h11"
version = "0.14.0"
description = "A pure-Python, bring-your-own-I/O implementation of HTTP/1.1"
optional = false
python-versions = ">=3.7"
files = [
    {file = "h11-0.14.0-py3-none-any.whl", hash = "sha256:e3fe4ac4b851c468cc8363d500db52c2ead036020723024a109d37346efaa761"},
    {file = "h11-0.14.0.tar.gz", hash = "sha256:8f19fbbe99e72420ff35c00b27a34cb9937e902a8b810e2c88300c6f0a3b699d"},
]

[[package]]
name = "httpcore"
version = "1.0.6"
description = "A minimal low-level HTTP client."
optional = false
python-versions = ">=3.8"
files = [
    {file = "httpcore-1.0.6-py3-none-any.whl", hash = "sha256:27b59625743b85577a8c0e10e55b50b5368a4f2cfe8cc7bcfa9cf00829c2682f"},
    {file = "httpcore-1.0.6.tar.gz", hash = "sha256:73f6dbd6eb8c21bbf7ef8efad555481853f5f6acdeaff1edb0694289269ee17f"},
]

[package.dependencies]
certifi = "*"
h11 = ">=0.13,<0.15"

[package.extras]
asyncio = ["anyio (>=4.0,<5.0)"]
http2 = ["h2 (>=3,<5)"]
socks = ["socksio (==1.*)"]
trio = ["trio (>=0.22.0,<1.0)"]

[[package]]
name = "httpx"
version = "0.27.2"
description = "The next generation HTTP client."
optional = false
python-versions = ">=3.8"
files = [
    {file = "httpx-0.27.2-py3-none-any.whl", hash = "sha256:7bb2708e112d8fdd7829cd4243970f0c223274051cb35ee80c03301ee29a3df0"},
    {file = "httpx-0.27.2.tar.gz", hash = "sha256:f7c2be1d2f3c3c3160d441802406b206c2b76f5947b11115e6df10c6c65e66c2"},
]

[package.dependencies]
anyio = "*"
certifi = "*"
httpcore = "==1.*"
idna = "*"
sniffio = "*"

[package.extras]
brotli = ["brotli", "brotlicffi"]
cli = ["click (==8.*)", "pygments (==2.*)", "rich (>=10,<14)"]
http2 = ["h2 (>=3,<5)"]
socks = ["socksio (==1.*)"]
zstd = ["zstandard (>=0.18.0)"]

[[package]]
name = "idna"
version = "3.10"
description = "Internationalized Domain Names in Applications (IDNA)"
optional = false
python-versions = ">=3.6"
files = [
    {file = "idna-3.10-py3-none-any.whl", hash = "sha256:946d195a0d259cbba61165e88e65941f16e9b36ea6ddb97f00452bae8b1287d3"},
    {file = "idna-3.10.tar.gz", hash = "sha256:12f65c9b470abda6dc35cf8e63cc574b1c52b11df2c86030af0ac09b01b13ea9"},
]

[package.extras]
all = ["flake8 (>=7.1.1)", "mypy (>=1.11.2)", "pytest (>=8.3.2)", "ruff (>=0.6.2)"]

[[package]]
name = "python-box"
version = "7.2.0"
description = "Advanced Python dictionaries with dot notation access"
optional = false
python-versions = ">=3.8"
files = [
    {file = "python_box-7.2.0-cp310-cp310-macosx_11_0_x86_64.whl", hash = "sha256:6bdeec791e25258351388b3029a3ec5da302bb9ed3be175493c43cdc6c47f5e3"},
    {file = "python_box-7.2.0-cp310-cp310-manylinux_2_17_x86_64.manylinux2014_x86_64.whl", hash = "sha256:c449f7b3756a71479fa9c61a86e344ac00ed782a66d7662590f0afa294249d18"},
    {file = "python_box-7.2.0-cp310-cp310-win_amd64.whl", hash = "sha256:6b0d61f182d394106d963232854e495b51edc178faa5316a797be1178212d7e0"},
    {file = "python_box-7.2.0-cp311-cp311-macosx_10_9_universal2.whl", hash = "sha256:e2d752de8c1204255bf7b0c814c59ef48293c187a7e9fdcd2fefa28024b72032"},
    {file = "python_box-7.2.0-cp311-cp311-manylinux_2_17_x86_64.manylinux2014_x86_64.whl", hash = "sha256:e8a6c35ea356a386077935958a5debcd5b229b9a1b3b26287a52dfe1a7e65d99"},
    {file = "python_box-7.2.0-cp311-cp311-win_amd64.whl", hash = "sha256:32ed58ec4d9e5475efe69f9c7d773dfea90a6a01979e776da93fd2b0a5d04429"},
    {file = "python_box-7.2.0-cp312-cp312-macosx_10_9_universal2.whl", hash = "sha256:2a2d664c6a27f7515469b6f1e461935a2038ee130b7d194b4b4db4e85d363618"},
    {file = "python_box-7.2.0-cp312-cp312-manylinux_2_17_x86_64.manylinux2014_x86_64.whl", hash = "sha256:e8a5a7365db1aaf600d3e8a2747fcf6833beb5d45439a54318548f02e302e3ec"},
    {file = "python_box-7.2.0-cp312-cp312-win_amd64.whl", hash = "sha256:739f827056ea148cbea3122d4617c994e829b420b1331183d968b175304e3a4f"},
    {file = "python_box-7.2.0-cp38-cp38-macosx_11_0_x86_64.whl", hash = "sha256:2617ef3c3d199f55f63c908f540a4dc14ced9b18533a879e6171c94a6a436f23"},
    {file = "python_box-7.2.0-cp38-cp38-manylinux_2_17_x86_64.manylinux2014_x86_64.whl", hash = "sha256:ffd866bed03087b1d8340014da8c3aaae19135767580641df1b4ae6fff6ac0aa"},
    {file = "python_box-7.2.0-cp38-cp38-win_amd64.whl", hash = "sha256:9681f059e7e92bdf20782cd9ea6e533d4711fc7b8c57a462922a025d46add4d0"},
    {file = "python_box-7.2.0-cp39-cp39-macosx_11_0_x86_64.whl", hash = "sha256:6b59b1e2741c9ceecdf5a5bd9b90502c24650e609cd824d434fed3b6f302b7bb"},
    {file = "python_box-7.2.0-cp39-cp39-manylinux_2_17_x86_64.manylinux2014_x86_64.whl", hash = "sha256:e23fae825d809ae7520fdeac88bb52be55a3b63992120a00e381783669edf589"},
    {file = "python_box-7.2.0-cp39-cp39-win_amd64.whl", hash = "sha256:573b1abdcb7bd745fa404444f060ee62fc35a74f067181e55dcb43cfe92f2827"},
    {file = "python_box-7.2.0-py3-none-any.whl", hash = "sha256:a3c90832dd772cb0197fdb5bc06123b6e1b846899a1b53d9c39450d27a584829"},
    {file = "python_box-7.2.0.tar.gz", hash = "sha256:551af20bdab3a60a2a21e3435120453c4ca32f7393787c3a5036e1d9fc6a0ede"},
]

[package.extras]
all = ["msgpack", "ruamel.yaml (>=0.17)", "toml"]
msgpack = ["msgpack"]
pyyaml = ["PyYAML"]
ruamel-yaml = ["ruamel.yaml (>=0.17)"]
toml = ["toml"]
tomli = ["tomli", "tomli-w"]
yaml = ["ruamel.yaml (>=0.17)"]

[[package]]
name = "sniffio"
version = "1.3.1"
description = "Sniff out which async library your code is running under"
optional = false
python-versions = ">=3.7"
files = [
    {file = "sniffio-1.3.1-py3-none-any.whl", hash = "sha256:2f6da418d1f1e0fddd844478f41680e794e6051915791a034ff65e5f100525a2"},
    {file = "sniffio-1.3.1.tar.gz", hash = "sha256:f4324edc670a0f49750a81b895f35c3adb843cca46f0530f79fc1babb23789dc"},
]

[[package]]
name = "typing-extensions"
version = "4.12.2"
description = "Backported and Experimental Type Hints for Python 3.8+"
optional = false
python-versions = ">=3.8"
files = [
    {file = "typing_extensions-4.12.2-py3-none-any.whl", hash = "sha256:04e5ca0351e0f3f85c6853954072df659d0d13fac324d0072316b67d7794700d"},
    {file = "typing_extensions-4.12.2.tar.gz", hash = "sha256:1a7ead55c7e559dd4dee8856e3a88b41225abfe1ce8df57b7c13915fe121ffb8"},
]

[metadata]
lock-version = "2.0"
python-versions = "^3.10"
content-hash = "1f7574cdf9ecf93405e7962b072f52690cd210f3a2e22ba9234ae072be614297"
